// !$*UTF8*$!
{
	archiveVersion = 1;
	classes = {
	};
	objectVersion = 55;
	objects = {

/* Begin PBXBuildFile section */
		3601B2E22873241700117AC5 /* LanguageXApp.swift in Sources */ = {isa = PBXBuildFile; fileRef = 3601B2E12873241700117AC5 /* LanguageXApp.swift */; };
		3601B2E42873241700117AC5 /* ContentView.swift in Sources */ = {isa = PBXBuildFile; fileRef = 3601B2E32873241700117AC5 /* ContentView.swift */; };
		3601B2E62873241A00117AC5 /* Assets.xcassets in Resources */ = {isa = PBXBuildFile; fileRef = 3601B2E52873241A00117AC5 /* Assets.xcassets */; };
		3601B2E92873241A00117AC5 /* Preview Assets.xcassets in Resources */ = {isa = PBXBuildFile; fileRef = 3601B2E82873241A00117AC5 /* Preview Assets.xcassets */; };
		3601B2F32873241B00117AC5 /* LanguageXTests.swift in Sources */ = {isa = PBXBuildFile; fileRef = 3601B2F22873241B00117AC5 /* LanguageXTests.swift */; };
		3601B2FD2873241B00117AC5 /* LanguageXUITests.swift in Sources */ = {isa = PBXBuildFile; fileRef = 3601B2FC2873241B00117AC5 /* LanguageXUITests.swift */; };
		3601B2FF2873241B00117AC5 /* LanguageXUITestsLaunchTests.swift in Sources */ = {isa = PBXBuildFile; fileRef = 3601B2FE2873241B00117AC5 /* LanguageXUITestsLaunchTests.swift */; };
		3601B30C2873317700117AC5 /* MapView.swift in Sources */ = {isa = PBXBuildFile; fileRef = 3601B30B2873317700117AC5 /* MapView.swift */; };
		361BCF6A2875C5C300242501 /* CircleImage.swift in Sources */ = {isa = PBXBuildFile; fileRef = 361BCF692875C5C300242501 /* CircleImage.swift */; };
		361BCF6C2875C82D00242501 /* WordCard.swift in Sources */ = {isa = PBXBuildFile; fileRef = 361BCF6B2875C82D00242501 /* WordCard.swift */; };
		361BCF6E2875CA0E00242501 /* Landmark.swift in Sources */ = {isa = PBXBuildFile; fileRef = 361BCF6D2875CA0E00242501 /* Landmark.swift */; };
		361BCF702875CC6300242501 /* landmarkData.json in Resources */ = {isa = PBXBuildFile; fileRef = 361BCF6F2875CC6300242501 /* landmarkData.json */; };
		361BCF722875CE4E00242501 /* ModelData.swift in Sources */ = {isa = PBXBuildFile; fileRef = 361BCF712875CE4E00242501 /* ModelData.swift */; };
		361BCF772875CF6400242501 /* LandmarkRow.swift in Sources */ = {isa = PBXBuildFile; fileRef = 361BCF762875CF6400242501 /* LandmarkRow.swift */; };
		361BCF792878751B00242501 /* LandmarkList.swift in Sources */ = {isa = PBXBuildFile; fileRef = 361BCF782878751B00242501 /* LandmarkList.swift */; };
		361BCF7B287879BC00242501 /* LandmarkDetail.swift in Sources */ = {isa = PBXBuildFile; fileRef = 361BCF7A287879BC00242501 /* LandmarkDetail.swift */; };
/* End PBXBuildFile section */

/* Begin PBXContainerItemProxy section */
		3601B2EF2873241B00117AC5 /* PBXContainerItemProxy */ = {
			isa = PBXContainerItemProxy;
			containerPortal = 3601B2D62873241700117AC5 /* Project object */;
			proxyType = 1;
			remoteGlobalIDString = 3601B2DD2873241700117AC5;
			remoteInfo = LanguageX;
		};
		3601B2F92873241B00117AC5 /* PBXContainerItemProxy */ = {
			isa = PBXContainerItemProxy;
			containerPortal = 3601B2D62873241700117AC5 /* Project object */;
			proxyType = 1;
			remoteGlobalIDString = 3601B2DD2873241700117AC5;
			remoteInfo = LanguageX;
		};
/* End PBXContainerItemProxy section */

/* Begin PBXFileReference section */
		3601B2DE2873241700117AC5 /* LanguageX.app */ = {isa = PBXFileReference; explicitFileType = wrapper.application; includeInIndex = 0; path = LanguageX.app; sourceTree = BUILT_PRODUCTS_DIR; };
		3601B2E12873241700117AC5 /* LanguageXApp.swift */ = {isa = PBXFileReference; lastKnownFileType = sourcecode.swift; path = LanguageXApp.swift; sourceTree = "<group>"; };
		3601B2E32873241700117AC5 /* ContentView.swift */ = {isa = PBXFileReference; lastKnownFileType = sourcecode.swift; path = ContentView.swift; sourceTree = "<group>"; };
		3601B2E52873241A00117AC5 /* Assets.xcassets */ = {isa = PBXFileReference; lastKnownFileType = folder.assetcatalog; path = Assets.xcassets; sourceTree = "<group>"; };
		3601B2E82873241A00117AC5 /* Preview Assets.xcassets */ = {isa = PBXFileReference; lastKnownFileType = folder.assetcatalog; path = "Preview Assets.xcassets"; sourceTree = "<group>"; };
		3601B2EE2873241B00117AC5 /* LanguageXTests.xctest */ = {isa = PBXFileReference; explicitFileType = wrapper.cfbundle; includeInIndex = 0; path = LanguageXTests.xctest; sourceTree = BUILT_PRODUCTS_DIR; };
		3601B2F22873241B00117AC5 /* LanguageXTests.swift */ = {isa = PBXFileReference; lastKnownFileType = sourcecode.swift; path = LanguageXTests.swift; sourceTree = "<group>"; };
		3601B2F82873241B00117AC5 /* LanguageXUITests.xctest */ = {isa = PBXFileReference; explicitFileType = wrapper.cfbundle; includeInIndex = 0; path = LanguageXUITests.xctest; sourceTree = BUILT_PRODUCTS_DIR; };
		3601B2FC2873241B00117AC5 /* LanguageXUITests.swift */ = {isa = PBXFileReference; lastKnownFileType = sourcecode.swift; path = LanguageXUITests.swift; sourceTree = "<group>"; };
		3601B2FE2873241B00117AC5 /* LanguageXUITestsLaunchTests.swift */ = {isa = PBXFileReference; lastKnownFileType = sourcecode.swift; path = LanguageXUITestsLaunchTests.swift; sourceTree = "<group>"; };
		3601B30B2873317700117AC5 /* MapView.swift */ = {isa = PBXFileReference; lastKnownFileType = sourcecode.swift; path = MapView.swift; sourceTree = "<group>"; };
		361BCF692875C5C300242501 /* CircleImage.swift */ = {isa = PBXFileReference; lastKnownFileType = sourcecode.swift; path = CircleImage.swift; sourceTree = "<group>"; };
		361BCF6B2875C82D00242501 /* WordCard.swift */ = {isa = PBXFileReference; lastKnownFileType = sourcecode.swift; path = WordCard.swift; sourceTree = "<group>"; };
		361BCF6D2875CA0E00242501 /* Landmark.swift */ = {isa = PBXFileReference; lastKnownFileType = sourcecode.swift; path = Landmark.swift; sourceTree = "<group>"; };
		361BCF6F2875CC6300242501 /* landmarkData.json */ = {isa = PBXFileReference; fileEncoding = 4; lastKnownFileType = text.json; path = landmarkData.json; sourceTree = "<group>"; };
		361BCF712875CE4E00242501 /* ModelData.swift */ = {isa = PBXFileReference; lastKnownFileType = sourcecode.swift; path = ModelData.swift; sourceTree = "<group>"; };
		361BCF762875CF6400242501 /* LandmarkRow.swift */ = {isa = PBXFileReference; lastKnownFileType = sourcecode.swift; path = LandmarkRow.swift; sourceTree = "<group>"; };
		361BCF782878751B00242501 /* LandmarkList.swift */ = {isa = PBXFileReference; lastKnownFileType = sourcecode.swift; path = LandmarkList.swift; sourceTree = "<group>"; };
		361BCF7A287879BC00242501 /* LandmarkDetail.swift */ = {isa = PBXFileReference; lastKnownFileType = sourcecode.swift; path = LandmarkDetail.swift; sourceTree = "<group>"; };
/* End PBXFileReference section */

/* Begin PBXFrameworksBuildPhase section */
		3601B2DB2873241700117AC5 /* Frameworks */ = {
			isa = PBXFrameworksBuildPhase;
			buildActionMask = 2147483647;
			files = (
			);
			runOnlyForDeploymentPostprocessing = 0;
		};
		3601B2EB2873241B00117AC5 /* Frameworks */ = {
			isa = PBXFrameworksBuildPhase;
			buildActionMask = 2147483647;
			files = (
			);
			runOnlyForDeploymentPostprocessing = 0;
		};
		3601B2F52873241B00117AC5 /* Frameworks */ = {
			isa = PBXFrameworksBuildPhase;
			buildActionMask = 2147483647;
			files = (
			);
			runOnlyForDeploymentPostprocessing = 0;
		};
/* End PBXFrameworksBuildPhase section */

/* Begin PBXGroup section */
		3601B2D52873241700117AC5 = {
			isa = PBXGroup;
			children = (
				3601B2E02873241700117AC5 /* LanguageX */,
				3601B2F12873241B00117AC5 /* LanguageXTests */,
				3601B2FB2873241B00117AC5 /* LanguageXUITests */,
				3601B2DF2873241700117AC5 /* Products */,
			);
			sourceTree = "<group>";
		};
		3601B2DF2873241700117AC5 /* Products */ = {
			isa = PBXGroup;
			children = (
				3601B2DE2873241700117AC5 /* LanguageX.app */,
				3601B2EE2873241B00117AC5 /* LanguageXTests.xctest */,
				3601B2F82873241B00117AC5 /* LanguageXUITests.xctest */,
			);
			name = Products;
			sourceTree = "<group>";
		};
		3601B2E02873241700117AC5 /* LanguageX */ = {
			isa = PBXGroup;
			children = (
				3601B2E12873241700117AC5 /* LanguageXApp.swift */,
				361BCF732875CE9C00242501 /* Views */,
				361BCF752875CED800242501 /* Model */,
				361BCF742875CEBC00242501 /* Resources */,
				3601B2E52873241A00117AC5 /* Assets.xcassets */,
				3601B2E72873241A00117AC5 /* Preview Content */,
			);
			path = LanguageX;
			sourceTree = "<group>";
		};
		3601B2E72873241A00117AC5 /* Preview Content */ = {
			isa = PBXGroup;
			children = (
				3601B2E82873241A00117AC5 /* Preview Assets.xcassets */,
			);
			path = "Preview Content";
			sourceTree = "<group>";
		};
		3601B2F12873241B00117AC5 /* LanguageXTests */ = {
			isa = PBXGroup;
			children = (
				3601B2F22873241B00117AC5 /* LanguageXTests.swift */,
			);
			path = LanguageXTests;
			sourceTree = "<group>";
		};
		3601B2FB2873241B00117AC5 /* LanguageXUITests */ = {
			isa = PBXGroup;
			children = (
				3601B2FC2873241B00117AC5 /* LanguageXUITests.swift */,
				3601B2FE2873241B00117AC5 /* LanguageXUITestsLaunchTests.swift */,
			);
			path = LanguageXUITests;
			sourceTree = "<group>";
		};
		361BCF732875CE9C00242501 /* Views */ = {
			isa = PBXGroup;
			children = (
				3601B2E32873241700117AC5 /* ContentView.swift */,
				361BCF692875C5C300242501 /* CircleImage.swift */,
				3601B30B2873317700117AC5 /* MapView.swift */,
				361BCF6B2875C82D00242501 /* WordCard.swift */,
				361BCF762875CF6400242501 /* LandmarkRow.swift */,
				361BCF782878751B00242501 /* LandmarkList.swift */,
				361BCF7A287879BC00242501 /* LandmarkDetail.swift */,
			);
			path = Views;
			sourceTree = "<group>";
		};
		361BCF742875CEBC00242501 /* Resources */ = {
			isa = PBXGroup;
			children = (
				361BCF6F2875CC6300242501 /* landmarkData.json */,
			);
			path = Resources;
			sourceTree = "<group>";
		};
		361BCF752875CED800242501 /* Model */ = {
			isa = PBXGroup;
			children = (
				361BCF712875CE4E00242501 /* ModelData.swift */,
				361BCF6D2875CA0E00242501 /* Landmark.swift */,
			);
			path = Model;
			sourceTree = "<group>";
		};
/* End PBXGroup section */

/* Begin PBXNativeTarget section */
		3601B2DD2873241700117AC5 /* LanguageX */ = {
			isa = PBXNativeTarget;
			buildConfigurationList = 3601B3022873241B00117AC5 /* Build configuration list for PBXNativeTarget "LanguageX" */;
			buildPhases = (
				3601B2DA2873241700117AC5 /* Sources */,
				3601B2DB2873241700117AC5 /* Frameworks */,
				3601B2DC2873241700117AC5 /* Resources */,
			);
			buildRules = (
			);
			dependencies = (
			);
			name = LanguageX;
			productName = LanguageX;
			productReference = 3601B2DE2873241700117AC5 /* LanguageX.app */;
			productType = "com.apple.product-type.application";
		};
		3601B2ED2873241B00117AC5 /* LanguageXTests */ = {
			isa = PBXNativeTarget;
			buildConfigurationList = 3601B3052873241B00117AC5 /* Build configuration list for PBXNativeTarget "LanguageXTests" */;
			buildPhases = (
				3601B2EA2873241B00117AC5 /* Sources */,
				3601B2EB2873241B00117AC5 /* Frameworks */,
				3601B2EC2873241B00117AC5 /* Resources */,
			);
			buildRules = (
			);
			dependencies = (
				3601B2F02873241B00117AC5 /* PBXTargetDependency */,
			);
			name = LanguageXTests;
			productName = LanguageXTests;
			productReference = 3601B2EE2873241B00117AC5 /* LanguageXTests.xctest */;
			productType = "com.apple.product-type.bundle.unit-test";
		};
		3601B2F72873241B00117AC5 /* LanguageXUITests */ = {
			isa = PBXNativeTarget;
			buildConfigurationList = 3601B3082873241B00117AC5 /* Build configuration list for PBXNativeTarget "LanguageXUITests" */;
			buildPhases = (
				3601B2F42873241B00117AC5 /* Sources */,
				3601B2F52873241B00117AC5 /* Frameworks */,
				3601B2F62873241B00117AC5 /* Resources */,
			);
			buildRules = (
			);
			dependencies = (
				3601B2FA2873241B00117AC5 /* PBXTargetDependency */,
			);
			name = LanguageXUITests;
			productName = LanguageXUITests;
			productReference = 3601B2F82873241B00117AC5 /* LanguageXUITests.xctest */;
			productType = "com.apple.product-type.bundle.ui-testing";
		};
/* End PBXNativeTarget section */

/* Begin PBXProject section */
		3601B2D62873241700117AC5 /* Project object */ = {
			isa = PBXProject;
			attributes = {
				BuildIndependentTargetsInParallel = 1;
				LastSwiftUpdateCheck = 1340;
				LastUpgradeCheck = 1340;
				TargetAttributes = {
					3601B2DD2873241700117AC5 = {
						CreatedOnToolsVersion = 13.4.1;
					};
					3601B2ED2873241B00117AC5 = {
						CreatedOnToolsVersion = 13.4.1;
						TestTargetID = 3601B2DD2873241700117AC5;
					};
					3601B2F72873241B00117AC5 = {
						CreatedOnToolsVersion = 13.4.1;
						TestTargetID = 3601B2DD2873241700117AC5;
					};
				};
			};
			buildConfigurationList = 3601B2D92873241700117AC5 /* Build configuration list for PBXProject "LanguageX" */;
			compatibilityVersion = "Xcode 13.0";
			developmentRegion = en;
			hasScannedForEncodings = 0;
			knownRegions = (
				en,
				Base,
			);
			mainGroup = 3601B2D52873241700117AC5;
			productRefGroup = 3601B2DF2873241700117AC5 /* Products */;
			projectDirPath = "";
			projectRoot = "";
			targets = (
				3601B2DD2873241700117AC5 /* LanguageX */,
				3601B2ED2873241B00117AC5 /* LanguageXTests */,
				3601B2F72873241B00117AC5 /* LanguageXUITests */,
			);
		};
/* End PBXProject section */

/* Begin PBXResourcesBuildPhase section */
		3601B2DC2873241700117AC5 /* Resources */ = {
			isa = PBXResourcesBuildPhase;
			buildActionMask = 2147483647;
			files = (
				3601B2E92873241A00117AC5 /* Preview Assets.xcassets in Resources */,
				3601B2E62873241A00117AC5 /* Assets.xcassets in Resources */,
				361BCF702875CC6300242501 /* landmarkData.json in Resources */,
			);
			runOnlyForDeploymentPostprocessing = 0;
		};
		3601B2EC2873241B00117AC5 /* Resources */ = {
			isa = PBXResourcesBuildPhase;
			buildActionMask = 2147483647;
			files = (
			);
			runOnlyForDeploymentPostprocessing = 0;
		};
		3601B2F62873241B00117AC5 /* Resources */ = {
			isa = PBXResourcesBuildPhase;
			buildActionMask = 2147483647;
			files = (
			);
			runOnlyForDeploymentPostprocessing = 0;
		};
/* End PBXResourcesBuildPhase section */

/* Begin PBXSourcesBuildPhase section */
		3601B2DA2873241700117AC5 /* Sources */ = {
			isa = PBXSourcesBuildPhase;
			buildActionMask = 2147483647;
			files = (
				3601B2E42873241700117AC5 /* ContentView.swift in Sources */,
				361BCF6A2875C5C300242501 /* CircleImage.swift in Sources */,
				3601B30C2873317700117AC5 /* MapView.swift in Sources */,
				361BCF6C2875C82D00242501 /* WordCard.swift in Sources */,
				361BCF792878751B00242501 /* LandmarkList.swift in Sources */,
				3601B2E22873241700117AC5 /* LanguageXApp.swift in Sources */,
				361BCF6E2875CA0E00242501 /* Landmark.swift in Sources */,
				361BCF772875CF6400242501 /* LandmarkRow.swift in Sources */,
				361BCF7B287879BC00242501 /* LandmarkDetail.swift in Sources */,
				361BCF722875CE4E00242501 /* ModelData.swift in Sources */,
			);
			runOnlyForDeploymentPostprocessing = 0;
		};
		3601B2EA2873241B00117AC5 /* Sources */ = {
			isa = PBXSourcesBuildPhase;
			buildActionMask = 2147483647;
			files = (
				3601B2F32873241B00117AC5 /* LanguageXTests.swift in Sources */,
			);
			runOnlyForDeploymentPostprocessing = 0;
		};
		3601B2F42873241B00117AC5 /* Sources */ = {
			isa = PBXSourcesBuildPhase;
			buildActionMask = 2147483647;
			files = (
				3601B2FD2873241B00117AC5 /* LanguageXUITests.swift in Sources */,
				3601B2FF2873241B00117AC5 /* LanguageXUITestsLaunchTests.swift in Sources */,
			);
			runOnlyForDeploymentPostprocessing = 0;
		};
/* End PBXSourcesBuildPhase section */

/* Begin PBXTargetDependency section */
		3601B2F02873241B00117AC5 /* PBXTargetDependency */ = {
			isa = PBXTargetDependency;
			target = 3601B2DD2873241700117AC5 /* LanguageX */;
			targetProxy = 3601B2EF2873241B00117AC5 /* PBXContainerItemProxy */;
		};
		3601B2FA2873241B00117AC5 /* PBXTargetDependency */ = {
			isa = PBXTargetDependency;
			target = 3601B2DD2873241700117AC5 /* LanguageX */;
			targetProxy = 3601B2F92873241B00117AC5 /* PBXContainerItemProxy */;
		};
/* End PBXTargetDependency section */

/* Begin XCBuildConfiguration section */
		3601B3002873241B00117AC5 /* Debug */ = {
			isa = XCBuildConfiguration;
			buildSettings = {
				ALWAYS_SEARCH_USER_PATHS = NO;
				CLANG_ANALYZER_NONNULL = YES;
				CLANG_ANALYZER_NUMBER_OBJECT_CONVERSION = YES_AGGRESSIVE;
				CLANG_CXX_LANGUAGE_STANDARD = "gnu++17";
				CLANG_ENABLE_MODULES = YES;
				CLANG_ENABLE_OBJC_ARC = YES;
				CLANG_ENABLE_OBJC_WEAK = YES;
				CLANG_WARN_BLOCK_CAPTURE_AUTORELEASING = YES;
				CLANG_WARN_BOOL_CONVERSION = YES;
				CLANG_WARN_COMMA = YES;
				CLANG_WARN_CONSTANT_CONVERSION = YES;
				CLANG_WARN_DEPRECATED_OBJC_IMPLEMENTATIONS = YES;
				CLANG_WARN_DIRECT_OBJC_ISA_USAGE = YES_ERROR;
				CLANG_WARN_DOCUMENTATION_COMMENTS = YES;
				CLANG_WARN_EMPTY_BODY = YES;
				CLANG_WARN_ENUM_CONVERSION = YES;
				CLANG_WARN_INFINITE_RECURSION = YES;
				CLANG_WARN_INT_CONVERSION = YES;
				CLANG_WARN_NON_LITERAL_NULL_CONVERSION = YES;
				CLANG_WARN_OBJC_IMPLICIT_RETAIN_SELF = YES;
				CLANG_WARN_OBJC_LITERAL_CONVERSION = YES;
				CLANG_WARN_OBJC_ROOT_CLASS = YES_ERROR;
				CLANG_WARN_QUOTED_INCLUDE_IN_FRAMEWORK_HEADER = YES;
				CLANG_WARN_RANGE_LOOP_ANALYSIS = YES;
				CLANG_WARN_STRICT_PROTOTYPES = YES;
				CLANG_WARN_SUSPICIOUS_MOVE = YES;
				CLANG_WARN_UNGUARDED_AVAILABILITY = YES_AGGRESSIVE;
				CLANG_WARN_UNREACHABLE_CODE = YES;
				CLANG_WARN__DUPLICATE_METHOD_MATCH = YES;
				COPY_PHASE_STRIP = NO;
				DEBUG_INFORMATION_FORMAT = dwarf;
				ENABLE_STRICT_OBJC_MSGSEND = YES;
				ENABLE_TESTABILITY = YES;
				GCC_C_LANGUAGE_STANDARD = gnu11;
				GCC_DYNAMIC_NO_PIC = NO;
				GCC_NO_COMMON_BLOCKS = YES;
				GCC_OPTIMIZATION_LEVEL = 0;
				GCC_PREPROCESSOR_DEFINITIONS = (
					"DEBUG=1",
					"$(inherited)",
				);
				GCC_WARN_64_TO_32_BIT_CONVERSION = YES;
				GCC_WARN_ABOUT_RETURN_TYPE = YES_ERROR;
				GCC_WARN_UNDECLARED_SELECTOR = YES;
				GCC_WARN_UNINITIALIZED_AUTOS = YES_AGGRESSIVE;
				GCC_WARN_UNUSED_FUNCTION = YES;
				GCC_WARN_UNUSED_VARIABLE = YES;
				IPHONEOS_DEPLOYMENT_TARGET = 15.5;
				MTL_ENABLE_DEBUG_INFO = INCLUDE_SOURCE;
				MTL_FAST_MATH = YES;
				ONLY_ACTIVE_ARCH = YES;
				SDKROOT = iphoneos;
				SWIFT_ACTIVE_COMPILATION_CONDITIONS = DEBUG;
				SWIFT_OPTIMIZATION_LEVEL = "-Onone";
			};
			name = Debug;
		};
		3601B3012873241B00117AC5 /* Release */ = {
			isa = XCBuildConfiguration;
			buildSettings = {
				ALWAYS_SEARCH_USER_PATHS = NO;
				CLANG_ANALYZER_NONNULL = YES;
				CLANG_ANALYZER_NUMBER_OBJECT_CONVERSION = YES_AGGRESSIVE;
				CLANG_CXX_LANGUAGE_STANDARD = "gnu++17";
				CLANG_ENABLE_MODULES = YES;
				CLANG_ENABLE_OBJC_ARC = YES;
				CLANG_ENABLE_OBJC_WEAK = YES;
				CLANG_WARN_BLOCK_CAPTURE_AUTORELEASING = YES;
				CLANG_WARN_BOOL_CONVERSION = YES;
				CLANG_WARN_COMMA = YES;
				CLANG_WARN_CONSTANT_CONVERSION = YES;
				CLANG_WARN_DEPRECATED_OBJC_IMPLEMENTATIONS = YES;
				CLANG_WARN_DIRECT_OBJC_ISA_USAGE = YES_ERROR;
				CLANG_WARN_DOCUMENTATION_COMMENTS = YES;
				CLANG_WARN_EMPTY_BODY = YES;
				CLANG_WARN_ENUM_CONVERSION = YES;
				CLANG_WARN_INFINITE_RECURSION = YES;
				CLANG_WARN_INT_CONVERSION = YES;
				CLANG_WARN_NON_LITERAL_NULL_CONVERSION = YES;
				CLANG_WARN_OBJC_IMPLICIT_RETAIN_SELF = YES;
				CLANG_WARN_OBJC_LITERAL_CONVERSION = YES;
				CLANG_WARN_OBJC_ROOT_CLASS = YES_ERROR;
				CLANG_WARN_QUOTED_INCLUDE_IN_FRAMEWORK_HEADER = YES;
				CLANG_WARN_RANGE_LOOP_ANALYSIS = YES;
				CLANG_WARN_STRICT_PROTOTYPES = YES;
				CLANG_WARN_SUSPICIOUS_MOVE = YES;
				CLANG_WARN_UNGUARDED_AVAILABILITY = YES_AGGRESSIVE;
				CLANG_WARN_UNREACHABLE_CODE = YES;
				CLANG_WARN__DUPLICATE_METHOD_MATCH = YES;
				COPY_PHASE_STRIP = NO;
				DEBUG_INFORMATION_FORMAT = "dwarf-with-dsym";
				ENABLE_NS_ASSERTIONS = NO;
				ENABLE_STRICT_OBJC_MSGSEND = YES;
				GCC_C_LANGUAGE_STANDARD = gnu11;
				GCC_NO_COMMON_BLOCKS = YES;
				GCC_WARN_64_TO_32_BIT_CONVERSION = YES;
				GCC_WARN_ABOUT_RETURN_TYPE = YES_ERROR;
				GCC_WARN_UNDECLARED_SELECTOR = YES;
				GCC_WARN_UNINITIALIZED_AUTOS = YES_AGGRESSIVE;
				GCC_WARN_UNUSED_FUNCTION = YES;
				GCC_WARN_UNUSED_VARIABLE = YES;
				IPHONEOS_DEPLOYMENT_TARGET = 15.5;
				MTL_ENABLE_DEBUG_INFO = NO;
				MTL_FAST_MATH = YES;
				SDKROOT = iphoneos;
				SWIFT_COMPILATION_MODE = wholemodule;
				SWIFT_OPTIMIZATION_LEVEL = "-O";
				VALIDATE_PRODUCT = YES;
			};
			name = Release;
		};
		3601B3032873241B00117AC5 /* Debug */ = {
			isa = XCBuildConfiguration;
			buildSettings = {
				ASSETCATALOG_COMPILER_APPICON_NAME = AppIcon;
				ASSETCATALOG_COMPILER_GLOBAL_ACCENT_COLOR_NAME = AccentColor;
				CODE_SIGN_STYLE = Automatic;
				CURRENT_PROJECT_VERSION = 1;
				DEVELOPMENT_ASSET_PATHS = "\"LanguageX/Preview Content\"";
				DEVELOPMENT_TEAM = 3T7MJA53W9;
				ENABLE_PREVIEWS = YES;
				GENERATE_INFOPLIST_FILE = YES;
				INFOPLIST_KEY_UIApplicationSceneManifest_Generation = YES;
				INFOPLIST_KEY_UIApplicationSupportsIndirectInputEvents = YES;
				INFOPLIST_KEY_UILaunchScreen_Generation = YES;
				INFOPLIST_KEY_UISupportedInterfaceOrientations_iPad = "UIInterfaceOrientationPortrait UIInterfaceOrientationPortraitUpsideDown UIInterfaceOrientationLandscapeLeft UIInterfaceOrientationLandscapeRight";
				INFOPLIST_KEY_UISupportedInterfaceOrientations_iPhone = "UIInterfaceOrientationPortrait UIInterfaceOrientationLandscapeLeft UIInterfaceOrientationLandscapeRight";
				LD_RUNPATH_SEARCH_PATHS = (
					"$(inherited)",
					"@executable_path/Frameworks",
				);
				MARKETING_VERSION = 1.0;
				PRODUCT_BUNDLE_IDENTIFIER = com.liuyang19900520.LanguageX;
				PRODUCT_NAME = "$(TARGET_NAME)";
				SWIFT_EMIT_LOC_STRINGS = YES;
				SWIFT_VERSION = 5.0;
				TARGETED_DEVICE_FAMILY = "1,2";
			};
			name = Debug;
		};
		3601B3042873241B00117AC5 /* Release */ = {
			isa = XCBuildConfiguration;
			buildSettings = {
				ASSETCATALOG_COMPILER_APPICON_NAME = AppIcon;
				ASSETCATALOG_COMPILER_GLOBAL_ACCENT_COLOR_NAME = AccentColor;
				CODE_SIGN_STYLE = Automatic;
				CURRENT_PROJECT_VERSION = 1;
				DEVELOPMENT_ASSET_PATHS = "\"LanguageX/Preview Content\"";
				DEVELOPMENT_TEAM = 3T7MJA53W9;
				ENABLE_PREVIEWS = YES;
				GENERATE_INFOPLIST_FILE = YES;
				INFOPLIST_KEY_UIApplicationSceneManifest_Generation = YES;
				INFOPLIST_KEY_UIApplicationSupportsIndirectInputEvents = YES;
				INFOPLIST_KEY_UILaunchScreen_Generation = YES;
				INFOPLIST_KEY_UISupportedInterfaceOrientations_iPad = "UIInterfaceOrientationPortrait UIInterfaceOrientationPortraitUpsideDown UIInterfaceOrientationLandscapeLeft UIInterfaceOrientationLandscapeRight";
				INFOPLIST_KEY_UISupportedInterfaceOrientations_iPhone = "UIInterfaceOrientationPortrait UIInterfaceOrientationLandscapeLeft UIInterfaceOrientationLandscapeRight";
				LD_RUNPATH_SEARCH_PATHS = (
					"$(inherited)",
					"@executable_path/Frameworks",
				);
				MARKETING_VERSION = 1.0;
				PRODUCT_BUNDLE_IDENTIFIER = com.liuyang19900520.LanguageX;
				PRODUCT_NAME = "$(TARGET_NAME)";
				SWIFT_EMIT_LOC_STRINGS = YES;
				SWIFT_VERSION = 5.0;
				TARGETED_DEVICE_FAMILY = "1,2";
			};
			name = Release;
		};
		3601B3062873241B00117AC5 /* Debug */ = {
			isa = XCBuildConfiguration;
			buildSettings = {
				ALWAYS_EMBED_SWIFT_STANDARD_LIBRARIES = YES;
				BUNDLE_LOADER = "$(TEST_HOST)";
				CODE_SIGN_STYLE = Automatic;
				CURRENT_PROJECT_VERSION = 1;
				GENERATE_INFOPLIST_FILE = YES;
				IPHONEOS_DEPLOYMENT_TARGET = 15.5;
				MARKETING_VERSION = 1.0;
				PRODUCT_BUNDLE_IDENTIFIER = com.liuyang19900520.LanguageXTests;
				PRODUCT_NAME = "$(TARGET_NAME)";
				SWIFT_EMIT_LOC_STRINGS = NO;
				SWIFT_VERSION = 5.0;
				TARGETED_DEVICE_FAMILY = "1,2";
				TEST_HOST = "$(BUILT_PRODUCTS_DIR)/LanguageX.app/LanguageX";
			};
			name = Debug;
		};
		3601B3072873241B00117AC5 /* Release */ = {
			isa = XCBuildConfiguration;
			buildSettings = {
				ALWAYS_EMBED_SWIFT_STANDARD_LIBRARIES = YES;
				BUNDLE_LOADER = "$(TEST_HOST)";
				CODE_SIGN_STYLE = Automatic;
				CURRENT_PROJECT_VERSION = 1;
				GENERATE_INFOPLIST_FILE = YES;
				IPHONEOS_DEPLOYMENT_TARGET = 15.5;
				MARKETING_VERSION = 1.0;
				PRODUCT_BUNDLE_IDENTIFIER = com.liuyang19900520.LanguageXTests;
				PRODUCT_NAME = "$(TARGET_NAME)";
				SWIFT_EMIT_LOC_STRINGS = NO;
				SWIFT_VERSION = 5.0;
				TARGETED_DEVICE_FAMILY = "1,2";
				TEST_HOST = "$(BUILT_PRODUCTS_DIR)/LanguageX.app/LanguageX";
			};
			name = Release;
		};
		3601B3092873241B00117AC5 /* Debug */ = {
			isa = XCBuildConfiguration;
			buildSettings = {
				ALWAYS_EMBED_SWIFT_STANDARD_LIBRARIES = YES;
				CODE_SIGN_STYLE = Automatic;
				CURRENT_PROJECT_VERSION = 1;
				GENERATE_INFOPLIST_FILE = YES;
				MARKETING_VERSION = 1.0;
				PRODUCT_BUNDLE_IDENTIFIER = com.liuyang19900520.LanguageXUITests;
				PRODUCT_NAME = "$(TARGET_NAME)";
				SWIFT_EMIT_LOC_STRINGS = NO;
				SWIFT_VERSION = 5.0;
				TARGETED_DEVICE_FAMILY = "1,2";
				TEST_TARGET_NAME = LanguageX;
			};
			name = Debug;
		};
		3601B30A2873241B00117AC5 /* Release */ = {
			isa = XCBuildConfiguration;
			buildSettings = {
				ALWAYS_EMBED_SWIFT_STANDARD_LIBRARIES = YES;
				CODE_SIGN_STYLE = Automatic;
				CURRENT_PROJECT_VERSION = 1;
				GENERATE_INFOPLIST_FILE = YES;
				MARKETING_VERSION = 1.0;
				PRODUCT_BUNDLE_IDENTIFIER = com.liuyang19900520.LanguageXUITests;
				PRODUCT_NAME = "$(TARGET_NAME)";
				SWIFT_EMIT_LOC_STRINGS = NO;
				SWIFT_VERSION = 5.0;
				TARGETED_DEVICE_FAMILY = "1,2";
				TEST_TARGET_NAME = LanguageX;
			};
			name = Release;
		};
/* End XCBuildConfiguration section */

/* Begin XCConfigurationList section */
		3601B2D92873241700117AC5 /* Build configuration list for PBXProject "LanguageX" */ = {
			isa = XCConfigurationList;
			buildConfigurations = (
				3601B3002873241B00117AC5 /* Debug */,
				3601B3012873241B00117AC5 /* Release */,
			);
			defaultConfigurationIsVisible = 0;
			defaultConfigurationName = Release;
		};
		3601B3022873241B00117AC5 /* Build configuration list for PBXNativeTarget "LanguageX" */ = {
			isa = XCConfigurationList;
			buildConfigurations = (
				3601B3032873241B00117AC5 /* Debug */,
				3601B3042873241B00117AC5 /* Release */,
			);
			defaultConfigurationIsVisible = 0;
			defaultConfigurationName = Release;
		};
		3601B3052873241B00117AC5 /* Build configuration list for PBXNativeTarget "LanguageXTests" */ = {
			isa = XCConfigurationList;
			buildConfigurations = (
				3601B3062873241B00117AC5 /* Debug */,
				3601B3072873241B00117AC5 /* Release */,
			);
			defaultConfigurationIsVisible = 0;
			defaultConfigurationName = Release;
		};
		3601B3082873241B00117AC5 /* Build configuration list for PBXNativeTarget "LanguageXUITests" */ = {
			isa = XCConfigurationList;
			buildConfigurations = (
				3601B3092873241B00117AC5 /* Debug */,
				3601B30A2873241B00117AC5 /* Release */,
			);
			defaultConfigurationIsVisible = 0;
			defaultConfigurationName = Release;
		};
/* End XCConfigurationList section */
	};
	rootObject = 3601B2D62873241700117AC5 /* Project object */;
}
